
Microsoft Visual Studio Solution File, Format Version 12.00
# Visual Studio 15
VisualStudioVersion = 15.0.28307.539
MinimumVisualStudioVersion = 10.0.40219.1
Project("{FAE04EC0-301F-11D3-BF4B-00C04F79EFBC}") = "Singleton", "Singleton\Singleton.csproj", "{F5AF2FD2-BAAE-4DBF-935B-C1C48F388EF7}"
EndProject
Global
	GlobalSection(SolutionConfigurationPlatforms) = preSolution
		Debug|Any CPU = Debug|Any CPU
		Release|Any CPU = Release|Any CPU
	EndGlobalSection
	GlobalSection(ProjectConfigurationPlatforms) = postSolution
		{F5AF2FD2-BAAE-4DBF-935B-C1C48F388EF7}.Debug|Any CPU.ActiveCfg = Debug|Any CPU
		{F5AF2FD2-BAAE-4DBF-935B-C1C48F388EF7}.Debug|Any CPU.Build.0 = Debug|Any CPU
		{F5AF2FD2-BAAE-4DBF-935B-C1C48F388EF7}.Release|Any CPU.ActiveCfg = Release|Any CPU
		{F5AF2FD2-BAAE-4DBF-935B-C1C48F388EF7}.Release|Any CPU.Build.0 = Release|Any CPU
	EndGlobalSection
	GlobalSection(SolutionProperties) = preSolution
		HideSolutionNode = FALSE
	EndGlobalSection
	GlobalSection(ExtensibilityGlobals) = postSolution
		SolutionGuid = {19677097-E85F-48FA-B003-4677F0301C86}
	EndGlobalSection
EndGlobal
